
Microsoft Visual Studio Solution File, Format Version 12.00
# Visual Studio Version 17
VisualStudioVersion = 17.7.34221.43
MinimumVisualStudioVersion = 10.0.40219.1
Project("{9A19103F-16F7-4668-BE54-9A1E7A4F7556}") = "Seminar_1", "Seminar_1\Seminar_1.csproj", "{0D80FE47-C93F-4F98-AA7D-54FBD63EA065}"
EndProject
Project("{9A19103F-16F7-4668-BE54-9A1E7A4F7556}") = "Seminar_2", "Seminar_2\Seminar_2.csproj", "{0EC7F44E-0331-4546-8F68-F2EDB4D2E04F}"
EndProject
Project("{9A19103F-16F7-4668-BE54-9A1E7A4F7556}") = "Seminar_3", "Seminar_3\Seminar_3.csproj", "{90648E0C-2B60-405B-AAA1-3385FAF628D0}"
EndProject
Project("{9A19103F-16F7-4668-BE54-9A1E7A4F7556}") = "Seminar_4", "Seminar_4\Seminar_4.csproj", "{8349E3A7-7F8F-4464-9D55-E201D7FCD066}"
EndProject
Project("{9A19103F-16F7-4668-BE54-9A1E7A4F7556}") = "Seminar_5", "Seminar_5\Seminar_5.csproj", "{DA23F35F-3E40-4A2F-AED4-DF42401830F5}"
EndProject
Project("{9A19103F-16F7-4668-BE54-9A1E7A4F7556}") = "Seminar_6", "Seminar_6\Seminar_6.csproj", "{FA22D3CD-D868-4257-B2FE-3B1D37330547}"
EndProject
Project("{9A19103F-16F7-4668-BE54-9A1E7A4F7556}") = "Seminar_7", "Seminar_7\Seminar_7.csproj", "{80A1D465-B18D-4152-8E92-79F92255E03D}"
EndProject
Project("{FAE04EC0-301F-11D3-BF4B-00C04F79EFBC}") = "Seminar_8", "Seminar_8\Seminar_8.csproj", "{DBA93007-4FB6-455D-B7B5-0EB1AA12CAD8}"
EndProject
Global
	GlobalSection(SolutionConfigurationPlatforms) = preSolution
		Debug|Any CPU = Debug|Any CPU
		Release|Any CPU = Release|Any CPU
	EndGlobalSection
	GlobalSection(ProjectConfigurationPlatforms) = postSolution
		{0D80FE47-C93F-4F98-AA7D-54FBD63EA065}.Debug|Any CPU.ActiveCfg = Debug|Any CPU
		{0D80FE47-C93F-4F98-AA7D-54FBD63EA065}.Debug|Any CPU.Build.0 = Debug|Any CPU
		{0D80FE47-C93F-4F98-AA7D-54FBD63EA065}.Release|Any CPU.ActiveCfg = Release|Any CPU
		{0D80FE47-C93F-4F98-AA7D-54FBD63EA065}.Release|Any CPU.Build.0 = Release|Any CPU
		{0EC7F44E-0331-4546-8F68-F2EDB4D2E04F}.Debug|Any CPU.ActiveCfg = Debug|Any CPU
		{0EC7F44E-0331-4546-8F68-F2EDB4D2E04F}.Debug|Any CPU.Build.0 = Debug|Any CPU
		{0EC7F44E-0331-4546-8F68-F2EDB4D2E04F}.Release|Any CPU.ActiveCfg = Release|Any CPU
		{0EC7F44E-0331-4546-8F68-F2EDB4D2E04F}.Release|Any CPU.Build.0 = Release|Any CPU
		{90648E0C-2B60-405B-AAA1-3385FAF628D0}.Debug|Any CPU.ActiveCfg = Debug|Any CPU
		{90648E0C-2B60-405B-AAA1-3385FAF628D0}.Debug|Any CPU.Build.0 = Debug|Any CPU
		{90648E0C-2B60-405B-AAA1-3385FAF628D0}.Release|Any CPU.ActiveCfg = Release|Any CPU
		{90648E0C-2B60-405B-AAA1-3385FAF628D0}.Release|Any CPU.Build.0 = Release|Any CPU
		{8349E3A7-7F8F-4464-9D55-E201D7FCD066}.Debug|Any CPU.ActiveCfg = Debug|Any CPU
		{8349E3A7-7F8F-4464-9D55-E201D7FCD066}.Debug|Any CPU.Build.0 = Debug|Any CPU
		{8349E3A7-7F8F-4464-9D55-E201D7FCD066}.Release|Any CPU.ActiveCfg = Release|Any CPU
		{8349E3A7-7F8F-4464-9D55-E201D7FCD066}.Release|Any CPU.Build.0 = Release|Any CPU
		{DA23F35F-3E40-4A2F-AED4-DF42401830F5}.Debug|Any CPU.ActiveCfg = Debug|Any CPU
		{DA23F35F-3E40-4A2F-AED4-DF42401830F5}.Debug|Any CPU.Build.0 = Debug|Any CPU
		{DA23F35F-3E40-4A2F-AED4-DF42401830F5}.Release|Any CPU.ActiveCfg = Release|Any CPU
		{DA23F35F-3E40-4A2F-AED4-DF42401830F5}.Release|Any CPU.Build.0 = Release|Any CPU
		{FA22D3CD-D868-4257-B2FE-3B1D37330547}.Debug|Any CPU.ActiveCfg = Debug|Any CPU
		{FA22D3CD-D868-4257-B2FE-3B1D37330547}.Debug|Any CPU.Build.0 = Debug|Any CPU
		{FA22D3CD-D868-4257-B2FE-3B1D37330547}.Release|Any CPU.ActiveCfg = Release|Any CPU
		{FA22D3CD-D868-4257-B2FE-3B1D37330547}.Release|Any CPU.Build.0 = Release|Any CPU
		{80A1D465-B18D-4152-8E92-79F92255E03D}.Debug|Any CPU.ActiveCfg = Debug|Any CPU
		{80A1D465-B18D-4152-8E92-79F92255E03D}.Debug|Any CPU.Build.0 = Debug|Any CPU
		{80A1D465-B18D-4152-8E92-79F92255E03D}.Release|Any CPU.ActiveCfg = Release|Any CPU
		{80A1D465-B18D-4152-8E92-79F92255E03D}.Release|Any CPU.Build.0 = Release|Any CPU
		{DBA93007-4FB6-455D-B7B5-0EB1AA12CAD8}.Debug|Any CPU.ActiveCfg = Debug|Any CPU
		{DBA93007-4FB6-455D-B7B5-0EB1AA12CAD8}.Debug|Any CPU.Build.0 = Debug|Any CPU
		{DBA93007-4FB6-455D-B7B5-0EB1AA12CAD8}.Release|Any CPU.ActiveCfg = Release|Any CPU
		{DBA93007-4FB6-455D-B7B5-0EB1AA12CAD8}.Release|Any CPU.Build.0 = Release|Any CPU
	EndGlobalSection
	GlobalSection(SolutionProperties) = preSolution
		HideSolutionNode = FALSE
	EndGlobalSection
	GlobalSection(ExtensibilityGlobals) = postSolution
		SolutionGuid = {AC355AA1-5670-4F65-A384-5D548CEB44C6}
	EndGlobalSection
EndGlobal
